<?xml version="1.0" encoding="utf-8"?>
<Project ToolsVersion="4.0" xmlns="http://schemas.microsoft.com/developer/msbuild/2003">
  <ItemGroup>
    <Filter Include="Source">
      <UniqueIdentifier>{1bd63710-edcb-41f6-9d7f-a1204c52c5b7}</UniqueIdentifier>
    </Filter>
    <Filter Include="Source\Nerdfest-specific">
      <UniqueIdentifier>{ad25be2c-ffc5-4c35-8050-948319cd5ca2}</UniqueIdentifier>
    </Filter>
    <Filter Include="Source\Engine">
      <UniqueIdentifier>{30dc8376-f440-432b-8c1f-671a0adbddd6}</UniqueIdentifier>
    </Filter>
    <Filter Include="Source\Engine\opengl">
      <UniqueIdentifier>{ca3c41f4-fc83-4521-9883-d361939623db}</UniqueIdentifier>
    </Filter>
    <Filter Include="Source\Engine\PlatformDependent">
      <UniqueIdentifier>{f73ef5f6-fe2c-4880-85a4-cb60e5411691}</UniqueIdentifier>
    </Filter>
    <Filter Include="Source\Engine\PlatformDependent\Crossplatform">
      <UniqueIdentifier>{e696db6d-9586-42f7-8b08-41412b488278}</UniqueIdentifier>
    </Filter>
  </ItemGroup>
  <ItemGroup>
    <ClCompile Include="Source\opengl\primitives.cpp">
      <Filter>Source\Engine\opengl</Filter>
    </ClCompile>
    <ClCompile Include="Source\opengl\stb_image.cpp">
      <Filter>Source\Engine\opengl</Filter>
    </ClCompile>
    <ClCompile Include="Source\PlatformDependent\GLFWGraphics.cpp">
      <Filter>Source\Engine\PlatformDependent\Crossplatform</Filter>
    </ClCompile>
    <ClCompile Include="Source\PlatformDependent\GLFWInput.cpp">
      <Filter>Source\Engine\PlatformDependent\Crossplatform</Filter>
    </ClCompile>
    <ClCompile Include="Source\Actor.cpp">
      <Filter>Source\Engine</Filter>
    </ClCompile>
    <ClCompile Include="Source\GameEngine.cpp">
      <Filter>Source\Engine</Filter>
    </ClCompile>
    <ClCompile Include="Source\Scene.cpp">
      <Filter>Source\Engine</Filter>
    </ClCompile>
    <ClCompile Include="Source\StaticFixture.cpp">
      <Filter>Source\Engine</Filter>
    </ClCompile>
    <ClCompile Include="Source\Entry.cpp">
      <Filter>Source\Nerdfest-specific</Filter>
    </ClCompile>
    <ClCompile Include="..\NerdFestGame\Mob.cpp">
      <Filter>Source\Nerdfest-specific</Filter>
    </ClCompile>
    <ClCompile Include="..\NerdFestGame\Player.cpp">
      <Filter>Source\Nerdfest-specific</Filter>
    </ClCompile>
    <ClCompile Include="..\NerdFestGame\Grapple.cpp">
      <Filter>Source\Nerdfest-specific</Filter>
    </ClCompile>
    <ClCompile Include="..\NerdFestGame\Missile.cpp">
      <Filter>Source\Nerdfest-specific</Filter>
    </ClCompile>
    <ClCompile Include="..\NerdFestGame\Shrapnel.cpp">
      <Filter>Source\Nerdfest-specific</Filter>
    </ClCompile>
    <ClCompile Include="..\NerdFestGame\GameObject.cpp">
      <Filter>Source\Nerdfest-specific</Filter>
    </ClCompile>
    <ClCompile Include="..\NerdFestGame\GameEffects.cpp">
      <Filter>Source\Nerdfest-specific</Filter>
    </ClCompile>
    <ClCompile Include="..\NerdFestGame\EnemyCannoneer.cpp">
      <Filter>Source\Nerdfest-specific</Filter>
    </ClCompile>
    <ClCompile Include="..\NerdFestGame\EnemyRiflesmen.cpp">
      <Filter>Source\Nerdfest-specific</Filter>
    </ClCompile>
    <ClCompile Include="..\NerdFestGame\EnemyDriller.cpp">
      <Filter>Source\Nerdfest-specific</Filter>
    </ClCompile>
  </ItemGroup>
  <ItemGroup>
    <ClInclude Include="Source\opengl\primitives.h">
      <Filter>Source\Engine\opengl</Filter>
    </ClInclude>
    <ClInclude Include="Source\opengl\stb_image.h">
      <Filter>Source\Engine\opengl</Filter>
    </ClInclude>
    <ClInclude Include="Source\opengl\opengl.h">
      <Filter>Source\Engine\opengl</Filter>
    </ClInclude>
    <ClInclude Include="Source\PlatformDependent\PlatformGraphics.h">
      <Filter>Source\Engine\PlatformDependent</Filter>
    </ClInclude>
    <ClInclude Include="Source\PlatformDependent\GLFWGraphics.h">
      <Filter>Source\Engine\PlatformDependent\Crossplatform</Filter>
    </ClInclude>
    <ClInclude Include="Source\PlatformDependent\PlatformInput.h">
      <Filter>Source\Engine\PlatformDependent</Filter>
    </ClInclude>
    <ClInclude Include="Source\PlatformDependent\GLFWInput.h">
      <Filter>Source\Engine\PlatformDependent\Crossplatform</Filter>
    </ClInclude>
    <ClInclude Include="Source\Actor.h">
      <Filter>Source\Engine</Filter>
    </ClInclude>
    <ClInclude Include="Source\GameEngine.h">
      <Filter>Source\Engine</Filter>
    </ClInclude>
    <ClInclude Include="Source\RenderList.h">
      <Filter>Source\Engine</Filter>
    </ClInclude>
    <ClInclude Include="Source\Scene.h">
      <Filter>Source\Engine</Filter>
    </ClInclude>
    <ClInclude Include="Source\StaticFixture.h">
      <Filter>Source\Engine</Filter>
    </ClInclude>
    <ClInclude Include="..\NerdFestGame\Mob.h">
      <Filter>Source\Nerdfest-specific</Filter>
    </ClInclude>
    <ClInclude Include="..\NerdFestGame\Player.h">
      <Filter>Source\Nerdfest-specific</Filter>
    </ClInclude>
    <ClInclude Include="..\NerdFestGame\Grapple.h">
      <Filter>Source\Nerdfest-specific</Filter>
    </ClInclude>
    <ClInclude Include="..\NerdFestGame\Missile.h">
      <Filter>Source\Nerdfest-specific</Filter>
    </ClInclude>
    <ClInclude Include="..\NerdFestGame\Shrapnel.h">
      <Filter>Source\Nerdfest-specific</Filter>
    </ClInclude>
    <ClInclude Include="..\NerdFestGame\GameObjects.h">
      <Filter>Source\Nerdfest-specific</Filter>
    </ClInclude>
    <ClInclude Include="..\NerdFestGame\autoptr.h">
      <Filter>Source\Nerdfest-specific</Filter>
    </ClInclude>
    <ClInclude Include="Source\Effects.h">
      <Filter>Source\Engine</Filter>
    </ClInclude>
    <ClInclude Include="..\NerdFestGame\GameEffects.h">
      <Filter>Source\Nerdfest-specific</Filter>
    </ClInclude>
    <ClInclude Include="..\NerdFestGame\EnemyCannoneer.h">
      <Filter>Source\Nerdfest-specific</Filter>
    </ClInclude>
    <ClInclude Include="..\NerdFestGame\EnemyRiflesmen.h">
      <Filter>Source\Nerdfest-specific</Filter>
    </ClInclude>
    <ClInclude Include="..\NerdFestGame\EnemyDriller.h">
      <Filter>Source\Nerdfest-specific</Filter>
    </ClInclude>
  </ItemGroup>
</Project>