<?xml version="1.0" encoding="utf-8"?>
<Project ToolsVersion="4.0" xmlns="http://schemas.microsoft.com/developer/msbuild/2003">
  <ItemGroup>
    <Filter Include="Source">
      <UniqueIdentifier>{1bd63710-edcb-41f6-9d7f-a1204c52c5b7}</UniqueIdentifier>
    </Filter>
    <Filter Include="Source\PlatformDependent">
      <UniqueIdentifier>{f73ef5f6-fe2c-4880-85a4-cb60e5411691}</UniqueIdentifier>
    </Filter>
    <Filter Include="Source\PlatformDependent\Crossplatform">
      <UniqueIdentifier>{e696db6d-9586-42f7-8b08-41412b488278}</UniqueIdentifier>
    </Filter>
    <Filter Include="Source\opengl">
      <UniqueIdentifier>{ca3c41f4-fc83-4521-9883-d361939623db}</UniqueIdentifier>
    </Filter>
    <Filter Include="Source\mem">
      <UniqueIdentifier>{40edc459-f3d4-4e0f-9bbd-78568625510d}</UniqueIdentifier>
    </Filter>
  </ItemGroup>
  <ItemGroup>
    <ClCompile Include="Source\opengl\primitives.cpp">
      <Filter>Source\opengl</Filter>
    </ClCompile>
    <ClCompile Include="Source\opengl\stb_image.cpp">
      <Filter>Source\opengl</Filter>
    </ClCompile>
    <ClCompile Include="Source\GameEngine.cpp">
      <Filter>Source</Filter>
    </ClCompile>
    <ClCompile Include="Source\PlatformDependent\GLFWGraphics.cpp">
      <Filter>Source\PlatformDependent\Crossplatform</Filter>
    </ClCompile>
    <ClCompile Include="Source\PlatformDependent\GLFWInput.cpp">
      <Filter>Source\PlatformDependent\Crossplatform</Filter>
    </ClCompile>
    <ClCompile Include="Source\Actor.cpp">
      <Filter>Source</Filter>
    </ClCompile>
    <ClCompile Include="Source\Scene.cpp">
      <Filter>Source</Filter>
    </ClCompile>
    <ClCompile Include="Source\PlatformDependent\GLFWWrapper.cpp">
      <Filter>Source\PlatformDependent\Crossplatform</Filter>
    </ClCompile>
    <ClCompile Include="Source\Layer.cpp">
      <Filter>Source</Filter>
    </ClCompile>
    <ClCompile Include="Source\LayerButton.cpp">
      <Filter>Source</Filter>
    </ClCompile>
    <ClCompile Include="Source\LayerTexture.cpp">
      <Filter>Source</Filter>
    </ClCompile>
    <ClCompile Include="Source\GameWorld.cpp">
      <Filter>Source</Filter>
    </ClCompile>
    <ClCompile Include="Source\LayerWorldViewport.cpp">
      <Filter>Source</Filter>
    </ClCompile>
    <ClCompile Include="Source\LuaEngine.cpp">
      <Filter>Source</Filter>
    </ClCompile>
    <ClCompile Include="Source\ResourceManager.cpp">
      <Filter>Source</Filter>
    </ClCompile>
    <ClCompile Include="Source\SceneManager.cpp">
      <Filter>Source</Filter>
    </ClCompile>
    <ClCompile Include="Source\LayerExternalRenderList.cpp">
      <Filter>Source</Filter>
    </ClCompile>
    <ClCompile Include="Source\mem\MemAccessPool.cpp">
      <Filter>Source\mem</Filter>
    </ClCompile>
  </ItemGroup>
  <ItemGroup>
    <ClInclude Include="Source\opengl\primitives.h">
      <Filter>Source\opengl</Filter>
    </ClInclude>
    <ClInclude Include="Source\opengl\stb_image.h">
      <Filter>Source\opengl</Filter>
    </ClInclude>
    <ClInclude Include="Source\opengl\opengl.h">
      <Filter>Source\opengl</Filter>
    </ClInclude>
    <ClInclude Include="Source\GameEngine.h">
      <Filter>Source</Filter>
    </ClInclude>
    <ClInclude Include="Source\Actor.h">
      <Filter>Source</Filter>
    </ClInclude>
    <ClInclude Include="Source\Scene.h">
      <Filter>Source</Filter>
    </ClInclude>
    <ClInclude Include="Source\PlatformDependent\PlatformGraphics.h">
      <Filter>Source\PlatformDependent</Filter>
    </ClInclude>
    <ClInclude Include="Source\PlatformDependent\GLFWGraphics.h">
      <Filter>Source\PlatformDependent\Crossplatform</Filter>
    </ClInclude>
    <ClInclude Include="Source\PlatformDependent\PlatformInput.h">
      <Filter>Source\PlatformDependent</Filter>
    </ClInclude>
    <ClInclude Include="Source\PlatformDependent\GLFWInput.h">
      <Filter>Source\PlatformDependent\Crossplatform</Filter>
    </ClInclude>
    <ClInclude Include="Source\RenderList.h">
      <Filter>Source</Filter>
    </ClInclude>
    <ClInclude Include="Source\PlatformDependent\GLFWWrapper.h">
      <Filter>Source\PlatformDependent\Crossplatform</Filter>
    </ClInclude>
    <ClInclude Include="Source\PlatformDependent\WebGLWrapper.h">
      <Filter>Source\PlatformDependent\Crossplatform</Filter>
    </ClInclude>
    <ClInclude Include="Source\GameInputHandler.h">
      <Filter>Source</Filter>
    </ClInclude>
    <ClInclude Include="Source\ActorManager.h">
      <Filter>Source</Filter>
    </ClInclude>
    <ClInclude Include="Source\Layer.h">
      <Filter>Source</Filter>
    </ClInclude>
    <ClInclude Include="Source\SceneManager.h">
      <Filter>Source</Filter>
    </ClInclude>
    <ClInclude Include="Source\LayerButton.h">
      <Filter>Source</Filter>
    </ClInclude>
    <ClInclude Include="Source\Camera.h">
      <Filter>Source</Filter>
    </ClInclude>
    <ClInclude Include="Source\LayerTexture.h">
      <Filter>Source</Filter>
    </ClInclude>
    <ClInclude Include="Source\GameWorld.h">
      <Filter>Source</Filter>
    </ClInclude>
    <ClInclude Include="Source\LayerWorldViewport.h">
      <Filter>Source</Filter>
    </ClInclude>
    <ClInclude Include="Source\LuaEngine.h">
      <Filter>Source</Filter>
    </ClInclude>
    <ClInclude Include="Source\ResourceManager.h">
      <Filter>Source</Filter>
    </ClInclude>
    <ClInclude Include="Source\Effects.h">
      <Filter>Source</Filter>
    </ClInclude>
    <ClInclude Include="Source\LayerExternalRenderList.h">
      <Filter>Source</Filter>
    </ClInclude>
    <ClInclude Include="Source\mem\MemAccessPool.h">
      <Filter>Source\mem</Filter>
    </ClInclude>
  </ItemGroup>
</Project>