<?xml version="1.0" encoding="utf-8"?>
<Project ToolsVersion="4.0" xmlns="http://schemas.microsoft.com/developer/msbuild/2003">
  <ItemGroup>
    <Filter Include="Source">
      <UniqueIdentifier>{1bd63710-edcb-41f6-9d7f-a1204c52c5b7}</UniqueIdentifier>
    </Filter>
  </ItemGroup>
  <ItemGroup>
    <ClInclude Include="Source\autoptr.h">
      <Filter>Source</Filter>
    </ClInclude>
    <ClInclude Include="Source\EnemyRiflesmen.h">
      <Filter>Source</Filter>
    </ClInclude>
    <ClInclude Include="Source\GameEffects.h">
      <Filter>Source</Filter>
    </ClInclude>
    <ClInclude Include="Source\GameObjects.h">
      <Filter>Source</Filter>
    </ClInclude>
    <ClInclude Include="Source\Grapple.h">
      <Filter>Source</Filter>
    </ClInclude>
    <ClInclude Include="Source\Grappleable.h">
      <Filter>Source</Filter>
    </ClInclude>
    <ClInclude Include="Source\Missile.h">
      <Filter>Source</Filter>
    </ClInclude>
    <ClInclude Include="Source\Mob.h">
      <Filter>Source</Filter>
    </ClInclude>
    <ClInclude Include="Source\Player.h">
      <Filter>Source</Filter>
    </ClInclude>
    <ClInclude Include="Source\Shrapnel.h">
      <Filter>Source</Filter>
    </ClInclude>
    <ClInclude Include="Source\MyEngine.h">
      <Filter>Source</Filter>
    </ClInclude>
    <ClInclude Include="Source\MyInputHandler.h">
      <Filter>Source</Filter>
    </ClInclude>
  </ItemGroup>
  <ItemGroup>
    <ClCompile Include="Source\EnemyRiflesmen.cpp">
      <Filter>Source</Filter>
    </ClCompile>
    <ClCompile Include="Source\GameEffects.cpp">
      <Filter>Source</Filter>
    </ClCompile>
    <ClCompile Include="Source\GameObject.cpp">
      <Filter>Source</Filter>
    </ClCompile>
    <ClCompile Include="Source\Grapple.cpp">
      <Filter>Source</Filter>
    </ClCompile>
    <ClCompile Include="Source\Missile.cpp">
      <Filter>Source</Filter>
    </ClCompile>
    <ClCompile Include="Source\Mob.cpp">
      <Filter>Source</Filter>
    </ClCompile>
    <ClCompile Include="Source\Player.cpp">
      <Filter>Source</Filter>
    </ClCompile>
    <ClCompile Include="Source\Shrapnel.cpp">
      <Filter>Source</Filter>
    </ClCompile>
    <ClCompile Include="Source\Entry.cpp">
      <Filter>Source</Filter>
    </ClCompile>
    <ClCompile Include="Source\MyInputHandler.cpp">
      <Filter>Source</Filter>
    </ClCompile>
  </ItemGroup>
</Project>