
Microsoft Visual Studio Solution File, Format Version 12.00
# Visual Studio 2013
VisualStudioVersion = 12.0.21005.1
MinimumVisualStudioVersion = 10.0.40219.1
Project("{8BC9CEB8-8B4A-11D0-8D11-00A0C91BC942}") = "PhysicsEngine", "PhysicsEngine\PhysicsEngine.vcxproj", "{E852800E-024C-46EB-9EAF-73306903E10A}"
EndProject
Project("{8BC9CEB8-8B4A-11D0-8D11-00A0C91BC942}") = "PhysGame", "PhysGame\PhysGame.vcxproj", "{F20A13A8-DCDB-4588-BF31-A1937929057B}"
	ProjectSection(ProjectDependencies) = postProject
		{E852800E-024C-46EB-9EAF-73306903E10A} = {E852800E-024C-46EB-9EAF-73306903E10A}
	EndProjectSection
EndProject
Project("{2150E333-8FDC-42A3-9474-1A3956D46DE8}") = "Solution Items", "Solution Items", "{CA63ED85-6CC9-43E2-976B-87A01A710434}"
EndProject
Project("{8BC9CEB8-8B4A-11D0-8D11-00A0C91BC942}") = "NerdFestGame", "NerdFestGame\NerdFestGame.vcxproj", "{73FA1D65-7F4F-4A59-81CD-563DC0C29879}"
	ProjectSection(ProjectDependencies) = postProject
		{F20A13A8-DCDB-4588-BF31-A1937929057B} = {F20A13A8-DCDB-4588-BF31-A1937929057B}
	EndProjectSection
EndProject
Project("{8BC9CEB8-8B4A-11D0-8D11-00A0C91BC942}") = "PhysTestBed", "PhysTestBed\PhysTestBed.vcxproj", "{9E0FBFEA-4CAC-4155-A5C6-AF05931C9B80}"
	ProjectSection(ProjectDependencies) = postProject
		{E852800E-024C-46EB-9EAF-73306903E10A} = {E852800E-024C-46EB-9EAF-73306903E10A}
		{F20A13A8-DCDB-4588-BF31-A1937929057B} = {F20A13A8-DCDB-4588-BF31-A1937929057B}
	EndProjectSection
EndProject
Global
	GlobalSection(SolutionConfigurationPlatforms) = preSolution
		Debug|Mixed Platforms = Debug|Mixed Platforms
		Debug|Win32 = Debug|Win32
		Debug|x64 = Debug|x64
		Release|Mixed Platforms = Release|Mixed Platforms
		Release|Win32 = Release|Win32
		Release|x64 = Release|x64
	EndGlobalSection
	GlobalSection(ProjectConfigurationPlatforms) = postSolution
		{E852800E-024C-46EB-9EAF-73306903E10A}.Debug|Mixed Platforms.ActiveCfg = Debug|Win32
		{E852800E-024C-46EB-9EAF-73306903E10A}.Debug|Mixed Platforms.Build.0 = Debug|Win32
		{E852800E-024C-46EB-9EAF-73306903E10A}.Debug|Win32.ActiveCfg = Debug|Win32
		{E852800E-024C-46EB-9EAF-73306903E10A}.Debug|Win32.Build.0 = Debug|Win32
		{E852800E-024C-46EB-9EAF-73306903E10A}.Debug|x64.ActiveCfg = Debug|x64
		{E852800E-024C-46EB-9EAF-73306903E10A}.Debug|x64.Build.0 = Debug|x64
		{E852800E-024C-46EB-9EAF-73306903E10A}.Release|Mixed Platforms.ActiveCfg = Release|Win32
		{E852800E-024C-46EB-9EAF-73306903E10A}.Release|Mixed Platforms.Build.0 = Release|Win32
		{E852800E-024C-46EB-9EAF-73306903E10A}.Release|Win32.ActiveCfg = Release|Win32
		{E852800E-024C-46EB-9EAF-73306903E10A}.Release|Win32.Build.0 = Release|Win32
		{E852800E-024C-46EB-9EAF-73306903E10A}.Release|x64.ActiveCfg = Release|x64
		{E852800E-024C-46EB-9EAF-73306903E10A}.Release|x64.Build.0 = Release|x64
		{F20A13A8-DCDB-4588-BF31-A1937929057B}.Debug|Mixed Platforms.ActiveCfg = Debug|Win32
		{F20A13A8-DCDB-4588-BF31-A1937929057B}.Debug|Mixed Platforms.Build.0 = Debug|Win32
		{F20A13A8-DCDB-4588-BF31-A1937929057B}.Debug|Win32.ActiveCfg = Debug|Win32
		{F20A13A8-DCDB-4588-BF31-A1937929057B}.Debug|Win32.Build.0 = Debug|Win32
		{F20A13A8-DCDB-4588-BF31-A1937929057B}.Debug|x64.ActiveCfg = Debug|x64
		{F20A13A8-DCDB-4588-BF31-A1937929057B}.Debug|x64.Build.0 = Debug|x64
		{F20A13A8-DCDB-4588-BF31-A1937929057B}.Release|Mixed Platforms.ActiveCfg = Release|Win32
		{F20A13A8-DCDB-4588-BF31-A1937929057B}.Release|Mixed Platforms.Build.0 = Release|Win32
		{F20A13A8-DCDB-4588-BF31-A1937929057B}.Release|Win32.ActiveCfg = Release|Win32
		{F20A13A8-DCDB-4588-BF31-A1937929057B}.Release|Win32.Build.0 = Release|Win32
		{F20A13A8-DCDB-4588-BF31-A1937929057B}.Release|x64.ActiveCfg = Release|x64
		{F20A13A8-DCDB-4588-BF31-A1937929057B}.Release|x64.Build.0 = Release|x64
		{73FA1D65-7F4F-4A59-81CD-563DC0C29879}.Debug|Mixed Platforms.ActiveCfg = Debug|Win32
		{73FA1D65-7F4F-4A59-81CD-563DC0C29879}.Debug|Mixed Platforms.Build.0 = Debug|Win32
		{73FA1D65-7F4F-4A59-81CD-563DC0C29879}.Debug|Win32.ActiveCfg = Debug|Win32
		{73FA1D65-7F4F-4A59-81CD-563DC0C29879}.Debug|Win32.Build.0 = Debug|Win32
		{73FA1D65-7F4F-4A59-81CD-563DC0C29879}.Debug|x64.ActiveCfg = Debug|x64
		{73FA1D65-7F4F-4A59-81CD-563DC0C29879}.Debug|x64.Build.0 = Debug|x64
		{73FA1D65-7F4F-4A59-81CD-563DC0C29879}.Release|Mixed Platforms.ActiveCfg = Release|Win32
		{73FA1D65-7F4F-4A59-81CD-563DC0C29879}.Release|Mixed Platforms.Build.0 = Release|Win32
		{73FA1D65-7F4F-4A59-81CD-563DC0C29879}.Release|Win32.ActiveCfg = Release|Win32
		{73FA1D65-7F4F-4A59-81CD-563DC0C29879}.Release|Win32.Build.0 = Release|Win32
		{73FA1D65-7F4F-4A59-81CD-563DC0C29879}.Release|x64.ActiveCfg = Release|x64
		{73FA1D65-7F4F-4A59-81CD-563DC0C29879}.Release|x64.Build.0 = Release|x64
		{9E0FBFEA-4CAC-4155-A5C6-AF05931C9B80}.Debug|Mixed Platforms.ActiveCfg = Debug|Win32
		{9E0FBFEA-4CAC-4155-A5C6-AF05931C9B80}.Debug|Mixed Platforms.Build.0 = Debug|Win32
		{9E0FBFEA-4CAC-4155-A5C6-AF05931C9B80}.Debug|Win32.ActiveCfg = Debug|Win32
		{9E0FBFEA-4CAC-4155-A5C6-AF05931C9B80}.Debug|Win32.Build.0 = Debug|Win32
		{9E0FBFEA-4CAC-4155-A5C6-AF05931C9B80}.Debug|x64.ActiveCfg = Debug|x64
		{9E0FBFEA-4CAC-4155-A5C6-AF05931C9B80}.Debug|x64.Build.0 = Debug|x64
		{9E0FBFEA-4CAC-4155-A5C6-AF05931C9B80}.Release|Mixed Platforms.ActiveCfg = Release|Win32
		{9E0FBFEA-4CAC-4155-A5C6-AF05931C9B80}.Release|Mixed Platforms.Build.0 = Release|Win32
		{9E0FBFEA-4CAC-4155-A5C6-AF05931C9B80}.Release|Win32.ActiveCfg = Release|Win32
		{9E0FBFEA-4CAC-4155-A5C6-AF05931C9B80}.Release|Win32.Build.0 = Release|Win32
		{9E0FBFEA-4CAC-4155-A5C6-AF05931C9B80}.Release|x64.ActiveCfg = Release|x64
		{9E0FBFEA-4CAC-4155-A5C6-AF05931C9B80}.Release|x64.Build.0 = Release|x64
	EndGlobalSection
	GlobalSection(SolutionProperties) = preSolution
		HideSolutionNode = FALSE
	EndGlobalSection
	GlobalSection(Performance) = preSolution
		HasPerformanceSessions = true
	EndGlobalSection
EndGlobal
